
Microsoft Visual Studio Solution File, Format Version 12.00
# Visual Studio Version 16
VisualStudioVersion = 16.0.34114.132
MinimumVisualStudioVersion = 10.0.40219.1
Project("{FAE04EC0-301F-11D3-BF4B-00C04F79EFBC}") = "BankApp", "BankApp\BankApp.csproj", "{6AACA1BA-ED88-49C6-BFE8-BAFA1E7B7583}"
EndProject
Global
	GlobalSection(SolutionConfigurationPlatforms) = preSolution
		Debug|Any CPU = Debug|Any CPU
		Release|Any CPU = Release|Any CPU
	EndGlobalSection
	GlobalSection(ProjectConfigurationPlatforms) = postSolution
		{6AACA1BA-ED88-49C6-BFE8-BAFA1E7B7583}.Debug|Any CPU.ActiveCfg = Debug|Any CPU
		{6AACA1BA-ED88-49C6-BFE8-BAFA1E7B7583}.Debug|Any CPU.Build.0 = Debug|Any CPU
		{6AACA1BA-ED88-49C6-BFE8-BAFA1E7B7583}.Release|Any CPU.ActiveCfg = Release|Any CPU
		{6AACA1BA-ED88-49C6-BFE8-BAFA1E7B7583}.Release|Any CPU.Build.0 = Release|Any CPU
	EndGlobalSection
	GlobalSection(SolutionProperties) = preSolution
		HideSolutionNode = FALSE
	EndGlobalSection
	GlobalSection(ExtensibilityGlobals) = postSolution
		SolutionGuid = {999EF665-87BC-45EA-AD34-24E9DA2BCBB2}
	EndGlobalSection
EndGlobal
